{
  "version": 4,
  "terraform_version": "1.9.2",
  "serial": 53,
  "lineage": "8130afd0-8c99-b760-a353-5063ad23285d",
  "outputs": {},
  "resources": [
    {
      "mode": "managed",
      "type": "proxmox_vm_qemu",
      "name": "srv-01",
      "provider": "provider[\"registry.terraform.io/telmate/proxmox\"]",
      "instances": [
        {
          "schema_version": 0,
          "attributes": {
            "additional_wait": 5,
            "agent": 0,
            "agent_timeout": null,
            "args": "",
            "automatic_reboot": true,
            "balloon": 0,
            "bios": "seabios",
            "boot": "order=net0",
            "bootdisk": "",
            "ci_wait": null,
            "cicustom": "",
            "cipassword": "123",
            "ciuser": "nurlan",
            "clone": null,
            "clone_wait": 10,
            "cores": 2,
            "cpu": "host",
            "default_ipv4_address": "192.168.1.160",
            "default_ipv6_address": "",
            "define_connection_info": true,
            "desc": "Ubuntu Server",
            "disks": [],
            "efidisk": [],
            "force_create": false,
            "force_recreate_on_change_of": null,
            "full_clone": true,
            "hagroup": "",
            "hastate": "",
            "hostpci": [],
            "hotplug": "network,disk,usb",
            "id": "proxmox/qemu/101",
            "ipconfig0": "ip=192.168.1.160/24,gw=192.168.1.1",
            "ipconfig1": "",
            "ipconfig10": "",
            "ipconfig11": "",
            "ipconfig12": "",
            "ipconfig13": "",
            "ipconfig14": "",
            "ipconfig15": "",
            "ipconfig2": "",
            "ipconfig3": "",
            "ipconfig4": "",
            "ipconfig5": "",
            "ipconfig6": "",
            "ipconfig7": "",
            "ipconfig8": "",
            "ipconfig9": "",
            "kvm": true,
            "linked_vmid": 0,
            "machine": "",
            "memory": 2048,
            "name": "srv-01",
            "nameserver": "192.168.1.1",
            "network": [
              {
                "bridge": "vmbr0",
                "firewall": false,
                "link_down": false,
                "macaddr": "72:EE:E8:B6:B9:EB",
                "model": "virtio",
                "mtu": 0,
                "queues": 0,
                "rate": 0,
                "tag": -1
              }
            ],
            "numa": false,
            "onboot": false,
            "os_network_config": null,
            "os_type": "cloud-init",
            "pool": "",
            "protection": false,
            "pxe": null,
            "qemu_os": "other",
            "reboot_required": false,
            "scsihw": "lsi",
            "searchdomain": "",
            "serial": [],
            "skip_ipv4": false,
            "skip_ipv6": false,
            "smbios": [
              {
                "family": "",
                "manufacturer": "",
                "product": "",
                "serial": "",
                "sku": "",
                "uuid": "f701d9cd-51c9-4a98-b6f7-e9163b1af2b1",
                "version": ""
              }
            ],
            "sockets": 1,
            "ssh_forward_ip": null,
            "ssh_host": "192.168.1.160",
            "ssh_port": "22",
            "ssh_private_key": null,
            "ssh_user": null,
            "sshkeys": "",
            "startup": "",
            "tablet": true,
            "tags": "",
            "target_node": "proxmox",
            "target_nodes": null,
            "timeouts": null,
            "unused_disk": [],
            "usb": [],
            "vcpus": 0,
            "vga": [],
            "vm_state": "running",
            "vmid": 101
          },
          "sensitive_attributes": [
            [
              {
                "type": "get_attr",
                "value": "ssh_private_key"
              }
            ],
            [
              {
                "type": "get_attr",
                "value": "cipassword"
              }
            ]
          ],
          "private": "eyJlMmJmYjczMC1lY2FhLTExZTYtOGY4OC0zNDM2M2JjN2M0YzAiOnsiY3JlYXRlIjoxMjAwMDAwMDAwMDAwLCJkZWZhdWx0IjoxMjAwMDAwMDAwMDAwLCJkZWxldGUiOjEyMDAwMDAwMDAwMDAsInJlYWQiOjEyMDAwMDAwMDAwMDAsInVwZGF0ZSI6MTIwMDAwMDAwMDAwMH19"
        }
      ]
    },
    {
      "mode": "managed",
      "type": "proxmox_vm_qemu",
      "name": "srv-02",
      "provider": "provider[\"registry.terraform.io/telmate/proxmox\"]",
      "instances": [
        {
          "schema_version": 0,
          "attributes": {
            "additional_wait": 5,
            "agent": 1,
            "agent_timeout": null,
            "args": "",
            "automatic_reboot": true,
            "balloon": 0,
            "bios": "seabios",
            "boot": "order=scsi1;scsi0;net0",
            "bootdisk": "",
            "ci_wait": null,
            "cicustom": "",
            "cipassword": "123",
            "ciuser": "nurlan",
            "clone": null,
            "clone_wait": 10,
            "cores": 2,
            "cpu": "host",
            "default_ipv4_address": "192.168.1.161",
            "default_ipv6_address": "",
            "define_connection_info": true,
            "desc": "Ubuntu Server",
            "disks": [
              {
                "ide": [],
                "sata": [],
                "scsi": [
                  {
                    "scsi0": [
                      {
                        "cdrom": [
                          {
                            "iso": "local:iso/ubuntu-22.04.4-live-server-amd64.iso",
                            "passthrough": false
                          }
                        ],
                        "cloudinit": [],
                        "disk": [],
                        "passthrough": []
                      }
                    ],
                    "scsi1": [
                      {
                        "cdrom": [],
                        "cloudinit": [],
                        "disk": [
                          {
                            "asyncio": "",
                            "backup": true,
                            "cache": "",
                            "discard": false,
                            "emulatessd": false,
                            "format": "raw",
                            "id": 0,
                            "iops_r_burst": 0,
                            "iops_r_burst_length": 0,
                            "iops_r_concurrent": 0,
                            "iops_wr_burst": 0,
                            "iops_wr_burst_length": 0,
                            "iops_wr_concurrent": 0,
                            "iothread": false,
                            "linked_disk_id": -1,
                            "mbps_r_burst": 0,
                            "mbps_r_concurrent": 0,
                            "mbps_wr_burst": 0,
                            "mbps_wr_concurrent": 0,
                            "readonly": false,
                            "replicate": false,
                            "serial": "",
                            "size": "20G",
                            "storage": "local-lvm",
                            "wwn": ""
                          }
                        ],
                        "passthrough": []
                      }
                    ],
                    "scsi10": [],
                    "scsi11": [],
                    "scsi12": [],
                    "scsi13": [],
                    "scsi14": [],
                    "scsi15": [],
                    "scsi16": [],
                    "scsi17": [],
                    "scsi18": [],
                    "scsi19": [],
                    "scsi2": [],
                    "scsi20": [],
                    "scsi21": [],
                    "scsi22": [],
                    "scsi23": [],
                    "scsi24": [],
                    "scsi25": [],
                    "scsi26": [],
                    "scsi27": [],
                    "scsi28": [],
                    "scsi29": [],
                    "scsi3": [],
                    "scsi30": [],
                    "scsi4": [],
                    "scsi5": [],
                    "scsi6": [],
                    "scsi7": [],
                    "scsi8": [],
                    "scsi9": []
                  }
                ],
                "virtio": []
              }
            ],
            "efidisk": [],
            "force_create": false,
            "force_recreate_on_change_of": null,
            "full_clone": true,
            "hagroup": "",
            "hastate": "",
            "hostpci": [],
            "hotplug": "network,disk,usb",
            "id": "proxmox/qemu/102",
            "ipconfig0": "ip=192.168.1.161/24,gw=192.168.1.1",
            "ipconfig1": "",
            "ipconfig10": "",
            "ipconfig11": "",
            "ipconfig12": "",
            "ipconfig13": "",
            "ipconfig14": "",
            "ipconfig15": "",
            "ipconfig2": "",
            "ipconfig3": "",
            "ipconfig4": "",
            "ipconfig5": "",
            "ipconfig6": "",
            "ipconfig7": "",
            "ipconfig8": "",
            "ipconfig9": "",
            "kvm": true,
            "linked_vmid": 0,
            "machine": "",
            "memory": 2048,
            "name": "srv-02",
            "nameserver": "192.168.1.1",
            "network": [
              {
                "bridge": "vmbr0",
                "firewall": false,
                "link_down": false,
                "macaddr": "FE:8E:C8:86:6C:C4",
                "model": "virtio",
                "mtu": 0,
                "queues": 0,
                "rate": 0,
                "tag": -1
              }
            ],
            "numa": false,
            "onboot": false,
            "os_network_config": null,
            "os_type": "cloud-init",
            "pool": "",
            "protection": false,
            "pxe": null,
            "qemu_os": "other",
            "reboot_required": false,
            "scsihw": "lsi",
            "searchdomain": "",
            "serial": [],
            "skip_ipv4": false,
            "skip_ipv6": false,
            "smbios": [
              {
                "family": "",
                "manufacturer": "",
                "product": "",
                "serial": "",
                "sku": "",
                "uuid": "e3cf30d7-bb62-4606-a9d0-1c812ea7e6c3",
                "version": ""
              }
            ],
            "sockets": 1,
            "ssh_forward_ip": null,
            "ssh_host": "192.168.1.161",
            "ssh_port": "22",
            "ssh_private_key": null,
            "ssh_user": null,
            "sshkeys": "",
            "startup": "",
            "tablet": true,
            "tags": "",
            "target_node": "proxmox",
            "target_nodes": null,
            "timeouts": null,
            "unused_disk": [],
            "usb": [],
            "vcpus": 0,
            "vga": [],
            "vm_state": "running",
            "vmid": 102
          },
          "sensitive_attributes": [
            [
              {
                "type": "get_attr",
                "value": "ssh_private_key"
              }
            ],
            [
              {
                "type": "get_attr",
                "value": "cipassword"
              }
            ]
          ],
          "private": "eyJlMmJmYjczMC1lY2FhLTExZTYtOGY4OC0zNDM2M2JjN2M0YzAiOnsiY3JlYXRlIjoxMjAwMDAwMDAwMDAwLCJkZWZhdWx0IjoxMjAwMDAwMDAwMDAwLCJkZWxldGUiOjEyMDAwMDAwMDAwMDAsInJlYWQiOjEyMDAwMDAwMDAwMDAsInVwZGF0ZSI6MTIwMDAwMDAwMDAwMH19"
        }
      ]
    }
  ],
  "check_results": null
}
